
Microsoft Visual Studio Solution File, Format Version 12.00
# Visual Studio 15
VisualStudioVersion = 15.0.27729.1
MinimumVisualStudioVersion = 10.0.40219.1
Project("{FAE04EC0-301F-11D3-BF4B-00C04F79EFBC}") = "Desktop", "Desktop\Desktop.csproj", "{62F23B03-F652-435C-838B-3A241D9CB6D3}"
EndProject
Project("{9A19103F-16F7-4668-BE54-9A1E7A4F7556}") = "Common", "Common\Common.csproj", "{1101EC25-D529-4381-A101-3EB308B7F8BE}"
EndProject
Project("{FAE04EC0-301F-11D3-BF4B-00C04F79EFBC}") = "CommandLine", "CommandLine\CommandLine.csproj", "{16D4B863-B6E8-4DDE-AE2F-D39FCE2BA431}"
EndProject
Global
	GlobalSection(SolutionConfigurationPlatforms) = preSolution
		Debug Dump|Any CPU = Debug Dump|Any CPU
		Debug Hunt|Any CPU = Debug Hunt|Any CPU
		Release|Any CPU = Release|Any CPU
	EndGlobalSection
	GlobalSection(ProjectConfigurationPlatforms) = postSolution
		{62F23B03-F652-435C-838B-3A241D9CB6D3}.Debug Dump|Any CPU.ActiveCfg = Debug Dump|Any CPU
		{62F23B03-F652-435C-838B-3A241D9CB6D3}.Debug Dump|Any CPU.Build.0 = Debug Dump|Any CPU
		{62F23B03-F652-435C-838B-3A241D9CB6D3}.Debug Hunt|Any CPU.ActiveCfg = Debug|Any CPU
		{62F23B03-F652-435C-838B-3A241D9CB6D3}.Debug Hunt|Any CPU.Build.0 = Debug|Any CPU
		{62F23B03-F652-435C-838B-3A241D9CB6D3}.Release|Any CPU.ActiveCfg = Release|Any CPU
		{62F23B03-F652-435C-838B-3A241D9CB6D3}.Release|Any CPU.Build.0 = Release|Any CPU
		{1101EC25-D529-4381-A101-3EB308B7F8BE}.Debug Dump|Any CPU.ActiveCfg = Debug Dump|Any CPU
		{1101EC25-D529-4381-A101-3EB308B7F8BE}.Debug Dump|Any CPU.Build.0 = Debug Dump|Any CPU
		{1101EC25-D529-4381-A101-3EB308B7F8BE}.Debug Hunt|Any CPU.ActiveCfg = Debug|Any CPU
		{1101EC25-D529-4381-A101-3EB308B7F8BE}.Debug Hunt|Any CPU.Build.0 = Debug|Any CPU
		{1101EC25-D529-4381-A101-3EB308B7F8BE}.Release|Any CPU.ActiveCfg = Release|Any CPU
		{1101EC25-D529-4381-A101-3EB308B7F8BE}.Release|Any CPU.Build.0 = Release|Any CPU
		{16D4B863-B6E8-4DDE-AE2F-D39FCE2BA431}.Debug Dump|Any CPU.ActiveCfg = Debug Dump|Any CPU
		{16D4B863-B6E8-4DDE-AE2F-D39FCE2BA431}.Debug Dump|Any CPU.Build.0 = Debug Dump|Any CPU
		{16D4B863-B6E8-4DDE-AE2F-D39FCE2BA431}.Debug Hunt|Any CPU.ActiveCfg = Debug|Any CPU
		{16D4B863-B6E8-4DDE-AE2F-D39FCE2BA431}.Debug Hunt|Any CPU.Build.0 = Debug|Any CPU
		{16D4B863-B6E8-4DDE-AE2F-D39FCE2BA431}.Release|Any CPU.ActiveCfg = Release|Any CPU
		{16D4B863-B6E8-4DDE-AE2F-D39FCE2BA431}.Release|Any CPU.Build.0 = Release|Any CPU
	EndGlobalSection
	GlobalSection(SolutionProperties) = preSolution
		HideSolutionNode = FALSE
	EndGlobalSection
	GlobalSection(ExtensibilityGlobals) = postSolution
		SolutionGuid = {364432E4-83F0-4787-97B3-149D1A9211A1}
	EndGlobalSection
EndGlobal
